
Microsoft Visual Studio Solution File, Format Version 12.00
# Visual Studio Version 17
VisualStudioVersion = 17.9.34616.47
MinimumVisualStudioVersion = 10.0.40219.1
Project("{9A19103F-16F7-4668-BE54-9A1E7A4F7556}") = "SMDotNetCoreWebAPI", "SMDotNetCoreWebAPI\SMDotNetCoreWebAPI.csproj", "{0B6CDEE9-DD74-463C-91AC-6843F67A219B}"
EndProject
Project("{FAE04EC0-301F-11D3-BF4B-00C04F79EFBC}") = "SMDotNetCoreADO", "SMDotNetCoreADO\SMDotNetCoreADO.csproj", "{00408F5D-4D3E-42BF-AEA6-B41CC6BD8CC7}"
EndProject
Global
	GlobalSection(SolutionConfigurationPlatforms) = preSolution
		Debug|Any CPU = Debug|Any CPU
		Release|Any CPU = Release|Any CPU
	EndGlobalSection
	GlobalSection(ProjectConfigurationPlatforms) = postSolution
		{0B6CDEE9-DD74-463C-91AC-6843F67A219B}.Debug|Any CPU.ActiveCfg = Debug|Any CPU
		{0B6CDEE9-DD74-463C-91AC-6843F67A219B}.Debug|Any CPU.Build.0 = Debug|Any CPU
		{0B6CDEE9-DD74-463C-91AC-6843F67A219B}.Release|Any CPU.ActiveCfg = Release|Any CPU
		{0B6CDEE9-DD74-463C-91AC-6843F67A219B}.Release|Any CPU.Build.0 = Release|Any CPU
		{00408F5D-4D3E-42BF-AEA6-B41CC6BD8CC7}.Debug|Any CPU.ActiveCfg = Debug|Any CPU
		{00408F5D-4D3E-42BF-AEA6-B41CC6BD8CC7}.Debug|Any CPU.Build.0 = Debug|Any CPU
		{00408F5D-4D3E-42BF-AEA6-B41CC6BD8CC7}.Release|Any CPU.ActiveCfg = Release|Any CPU
		{00408F5D-4D3E-42BF-AEA6-B41CC6BD8CC7}.Release|Any CPU.Build.0 = Release|Any CPU
	EndGlobalSection
	GlobalSection(SolutionProperties) = preSolution
		HideSolutionNode = FALSE
	EndGlobalSection
	GlobalSection(ExtensibilityGlobals) = postSolution
		SolutionGuid = {038206FC-A259-472B-AF4E-82FA12F474BB}
	EndGlobalSection
EndGlobal
